github.com/davecgh/go-spew v1.1.1 h1:vj9j/u1bqnvCEfJOwUhtlOARqs3+rkHYY13jYWTU97c=
github.com/davecgh/go-spew v1.1.1/go.mod h1:J7Y8YcW2NihsgmVo/mv3lAwl/skON4iLHjSsI+c5H38=
github.com/neo4j/neo4j-go-driver/v5 v5.28.0 h1:chDT68PHNa8JZRmjSkGzAbk1weLWo4rMtDvccvpobg0=
github.com/neo4j/neo4j-go-driver/v5 v5.28.0/go.mod h1:Vff8OwT7QpLm7L2yYr85XNWe9Rbqlbeb9asNXJTHO4k=
